
Microsoft Visual Studio Solution File, Format Version 12.00
# Visual Studio 15
Project("{FAE04EC0-301F-11D3-BF4B-00C04F79EFBC}") = "asobiguaIntegrationTests", "asobiguaIntegrationTests.csproj", "{00FA6CD4-0ED0-4DF5-8644-C7A0FD628B42}"
EndProject
Global
	GlobalSection(SolutionConfigurationPlatforms) = preSolution
		Debug|Any CPU = Debug|Any CPU
		Release|Any CPU = Release|Any CPU
	EndGlobalSection
	GlobalSection(ProjectConfigurationPlatforms) = postSolution
		{00FA6CD4-0ED0-4DF5-8644-C7A0FD628B42}.Debug|Any CPU.ActiveCfg = Debug|Any CPU
		{00FA6CD4-0ED0-4DF5-8644-C7A0FD628B42}.Debug|Any CPU.Build.0 = Debug|Any CPU
		{00FA6CD4-0ED0-4DF5-8644-C7A0FD628B42}.Release|Any CPU.ActiveCfg = Release|Any CPU
		{00FA6CD4-0ED0-4DF5-8644-C7A0FD628B42}.Release|Any CPU.Build.0 = Release|Any CPU
	EndGlobalSection
EndGlobal
